
Microsoft Visual Studio Solution File, Format Version 12.00
# Visual Studio Version 17
VisualStudioVersion = 17.9.34701.34
MinimumVisualStudioVersion = 10.0.40219.1
Project("{FAE04EC0-301F-11D3-BF4B-00C04F79EFBC}") = "URI1005", "URI1005\URI1005.csproj", "{3AD60B63-B4ED-4A72-8433-24C86DF3B793}"
EndProject
Global
	GlobalSection(SolutionConfigurationPlatforms) = preSolution
		Debug|Any CPU = Debug|Any CPU
		Release|Any CPU = Release|Any CPU
	EndGlobalSection
	GlobalSection(ProjectConfigurationPlatforms) = postSolution
		{3AD60B63-B4ED-4A72-8433-24C86DF3B793}.Debug|Any CPU.ActiveCfg = Debug|Any CPU
		{3AD60B63-B4ED-4A72-8433-24C86DF3B793}.Debug|Any CPU.Build.0 = Debug|Any CPU
		{3AD60B63-B4ED-4A72-8433-24C86DF3B793}.Release|Any CPU.ActiveCfg = Release|Any CPU
		{3AD60B63-B4ED-4A72-8433-24C86DF3B793}.Release|Any CPU.Build.0 = Release|Any CPU
	EndGlobalSection
	GlobalSection(SolutionProperties) = preSolution
		HideSolutionNode = FALSE
	EndGlobalSection
	GlobalSection(ExtensibilityGlobals) = postSolution
		SolutionGuid = {B0B76BF5-3FA3-4D66-9DCF-FA211D854226}
	EndGlobalSection
EndGlobal
