
Microsoft Visual Studio Solution File, Format Version 12.00
# Visual Studio Version 17
VisualStudioVersion = 17.9.34701.34
MinimumVisualStudioVersion = 10.0.40219.1
Project("{FAE04EC0-301F-11D3-BF4B-00C04F79EFBC}") = "URI1003", "URI1003\URI1003.csproj", "{B268D7D3-71EB-4F14-9DA6-8103524BEF83}"
EndProject
Global
	GlobalSection(SolutionConfigurationPlatforms) = preSolution
		Debug|Any CPU = Debug|Any CPU
		Release|Any CPU = Release|Any CPU
	EndGlobalSection
	GlobalSection(ProjectConfigurationPlatforms) = postSolution
		{B268D7D3-71EB-4F14-9DA6-8103524BEF83}.Debug|Any CPU.ActiveCfg = Debug|Any CPU
		{B268D7D3-71EB-4F14-9DA6-8103524BEF83}.Debug|Any CPU.Build.0 = Debug|Any CPU
		{B268D7D3-71EB-4F14-9DA6-8103524BEF83}.Release|Any CPU.ActiveCfg = Release|Any CPU
		{B268D7D3-71EB-4F14-9DA6-8103524BEF83}.Release|Any CPU.Build.0 = Release|Any CPU
	EndGlobalSection
	GlobalSection(SolutionProperties) = preSolution
		HideSolutionNode = FALSE
	EndGlobalSection
	GlobalSection(ExtensibilityGlobals) = postSolution
		SolutionGuid = {83F026C1-50E3-4CCE-BC00-B3827B69573D}
	EndGlobalSection
EndGlobal
