
Microsoft Visual Studio Solution File, Format Version 12.00
# Visual Studio Version 17
VisualStudioVersion = 17.9.34728.123
MinimumVisualStudioVersion = 10.0.40219.1
Project("{FAE04EC0-301F-11D3-BF4B-00C04F79EFBC}") = "URI1132", "URI1132\URI1132.csproj", "{5A4762F7-A4E4-4C58-9D83-642445C878F1}"
EndProject
Global
	GlobalSection(SolutionConfigurationPlatforms) = preSolution
		Debug|Any CPU = Debug|Any CPU
		Release|Any CPU = Release|Any CPU
	EndGlobalSection
	GlobalSection(ProjectConfigurationPlatforms) = postSolution
		{5A4762F7-A4E4-4C58-9D83-642445C878F1}.Debug|Any CPU.ActiveCfg = Debug|Any CPU
		{5A4762F7-A4E4-4C58-9D83-642445C878F1}.Debug|Any CPU.Build.0 = Debug|Any CPU
		{5A4762F7-A4E4-4C58-9D83-642445C878F1}.Release|Any CPU.ActiveCfg = Release|Any CPU
		{5A4762F7-A4E4-4C58-9D83-642445C878F1}.Release|Any CPU.Build.0 = Release|Any CPU
	EndGlobalSection
	GlobalSection(SolutionProperties) = preSolution
		HideSolutionNode = FALSE
	EndGlobalSection
	GlobalSection(ExtensibilityGlobals) = postSolution
		SolutionGuid = {62CF5218-C583-4C9E-A8A2-C25F8A8DDCDB}
	EndGlobalSection
EndGlobal
