
Microsoft Visual Studio Solution File, Format Version 12.00
# Visual Studio Version 17
VisualStudioVersion = 17.9.34728.123
MinimumVisualStudioVersion = 10.0.40219.1
Project("{FAE04EC0-301F-11D3-BF4B-00C04F79EFBC}") = "URI1113", "URI1113\URI1113.csproj", "{2842C882-2B44-484F-B93A-EB57BA22DC07}"
EndProject
Global
	GlobalSection(SolutionConfigurationPlatforms) = preSolution
		Debug|Any CPU = Debug|Any CPU
		Release|Any CPU = Release|Any CPU
	EndGlobalSection
	GlobalSection(ProjectConfigurationPlatforms) = postSolution
		{2842C882-2B44-484F-B93A-EB57BA22DC07}.Debug|Any CPU.ActiveCfg = Debug|Any CPU
		{2842C882-2B44-484F-B93A-EB57BA22DC07}.Debug|Any CPU.Build.0 = Debug|Any CPU
		{2842C882-2B44-484F-B93A-EB57BA22DC07}.Release|Any CPU.ActiveCfg = Release|Any CPU
		{2842C882-2B44-484F-B93A-EB57BA22DC07}.Release|Any CPU.Build.0 = Release|Any CPU
	EndGlobalSection
	GlobalSection(SolutionProperties) = preSolution
		HideSolutionNode = FALSE
	EndGlobalSection
	GlobalSection(ExtensibilityGlobals) = postSolution
		SolutionGuid = {4414542E-76B1-465A-AFCA-FA3EF45BF74F}
	EndGlobalSection
EndGlobal
