
Microsoft Visual Studio Solution File, Format Version 12.00
# Visual Studio Version 17
VisualStudioVersion = 17.9.34714.143
MinimumVisualStudioVersion = 10.0.40219.1
Project("{FAE04EC0-301F-11D3-BF4B-00C04F79EFBC}") = "URI1018", "URI1018\URI1018.csproj", "{F5AD6FCF-4DAC-4B59-8C7B-E86FDC7BC68E}"
EndProject
Global
	GlobalSection(SolutionConfigurationPlatforms) = preSolution
		Debug|Any CPU = Debug|Any CPU
		Release|Any CPU = Release|Any CPU
	EndGlobalSection
	GlobalSection(ProjectConfigurationPlatforms) = postSolution
		{F5AD6FCF-4DAC-4B59-8C7B-E86FDC7BC68E}.Debug|Any CPU.ActiveCfg = Debug|Any CPU
		{F5AD6FCF-4DAC-4B59-8C7B-E86FDC7BC68E}.Debug|Any CPU.Build.0 = Debug|Any CPU
		{F5AD6FCF-4DAC-4B59-8C7B-E86FDC7BC68E}.Release|Any CPU.ActiveCfg = Release|Any CPU
		{F5AD6FCF-4DAC-4B59-8C7B-E86FDC7BC68E}.Release|Any CPU.Build.0 = Release|Any CPU
	EndGlobalSection
	GlobalSection(SolutionProperties) = preSolution
		HideSolutionNode = FALSE
	EndGlobalSection
	GlobalSection(ExtensibilityGlobals) = postSolution
		SolutionGuid = {5AD79702-2ABF-4A0F-9703-F51E66CF6475}
	EndGlobalSection
EndGlobal
