
Microsoft Visual Studio Solution File, Format Version 12.00
# Visual Studio Version 17
VisualStudioVersion = 17.9.34728.123
MinimumVisualStudioVersion = 10.0.40219.1
Project("{FAE04EC0-301F-11D3-BF4B-00C04F79EFBC}") = "vetor07", "vetor07\vetor07.csproj", "{9308BFE7-388A-44BD-8780-48F0A3AD62DC}"
EndProject
Global
	GlobalSection(SolutionConfigurationPlatforms) = preSolution
		Debug|Any CPU = Debug|Any CPU
		Release|Any CPU = Release|Any CPU
	EndGlobalSection
	GlobalSection(ProjectConfigurationPlatforms) = postSolution
		{9308BFE7-388A-44BD-8780-48F0A3AD62DC}.Debug|Any CPU.ActiveCfg = Debug|Any CPU
		{9308BFE7-388A-44BD-8780-48F0A3AD62DC}.Debug|Any CPU.Build.0 = Debug|Any CPU
		{9308BFE7-388A-44BD-8780-48F0A3AD62DC}.Release|Any CPU.ActiveCfg = Release|Any CPU
		{9308BFE7-388A-44BD-8780-48F0A3AD62DC}.Release|Any CPU.Build.0 = Release|Any CPU
	EndGlobalSection
	GlobalSection(SolutionProperties) = preSolution
		HideSolutionNode = FALSE
	EndGlobalSection
	GlobalSection(ExtensibilityGlobals) = postSolution
		SolutionGuid = {29EBA966-1778-44E5-9B33-20A74B20EACC}
	EndGlobalSection
EndGlobal
