
Microsoft Visual Studio Solution File, Format Version 12.00
# Visual Studio Version 17
VisualStudioVersion = 17.9.34728.123
MinimumVisualStudioVersion = 10.0.40219.1
Project("{FAE04EC0-301F-11D3-BF4B-00C04F79EFBC}") = "URI1078", "URI1078\URI1078.csproj", "{12B7F0F6-57DC-4BFB-A78E-21C0396130C2}"
EndProject
Global
	GlobalSection(SolutionConfigurationPlatforms) = preSolution
		Debug|Any CPU = Debug|Any CPU
		Release|Any CPU = Release|Any CPU
	EndGlobalSection
	GlobalSection(ProjectConfigurationPlatforms) = postSolution
		{12B7F0F6-57DC-4BFB-A78E-21C0396130C2}.Debug|Any CPU.ActiveCfg = Debug|Any CPU
		{12B7F0F6-57DC-4BFB-A78E-21C0396130C2}.Debug|Any CPU.Build.0 = Debug|Any CPU
		{12B7F0F6-57DC-4BFB-A78E-21C0396130C2}.Release|Any CPU.ActiveCfg = Release|Any CPU
		{12B7F0F6-57DC-4BFB-A78E-21C0396130C2}.Release|Any CPU.Build.0 = Release|Any CPU
	EndGlobalSection
	GlobalSection(SolutionProperties) = preSolution
		HideSolutionNode = FALSE
	EndGlobalSection
	GlobalSection(ExtensibilityGlobals) = postSolution
		SolutionGuid = {34FDCEC3-9E05-46EA-9441-ADE22C078B3A}
	EndGlobalSection
EndGlobal
