
Microsoft Visual Studio Solution File, Format Version 12.00
# Visual Studio Version 17
VisualStudioVersion = 17.9.34728.123
MinimumVisualStudioVersion = 10.0.40219.1
Project("{FAE04EC0-301F-11D3-BF4B-00C04F79EFBC}") = "URI1158", "URI1158\URI1158.csproj", "{F283A30B-4408-46D3-A936-9ACAF88CDC24}"
EndProject
Global
	GlobalSection(SolutionConfigurationPlatforms) = preSolution
		Debug|Any CPU = Debug|Any CPU
		Release|Any CPU = Release|Any CPU
	EndGlobalSection
	GlobalSection(ProjectConfigurationPlatforms) = postSolution
		{F283A30B-4408-46D3-A936-9ACAF88CDC24}.Debug|Any CPU.ActiveCfg = Debug|Any CPU
		{F283A30B-4408-46D3-A936-9ACAF88CDC24}.Debug|Any CPU.Build.0 = Debug|Any CPU
		{F283A30B-4408-46D3-A936-9ACAF88CDC24}.Release|Any CPU.ActiveCfg = Release|Any CPU
		{F283A30B-4408-46D3-A936-9ACAF88CDC24}.Release|Any CPU.Build.0 = Release|Any CPU
	EndGlobalSection
	GlobalSection(SolutionProperties) = preSolution
		HideSolutionNode = FALSE
	EndGlobalSection
	GlobalSection(ExtensibilityGlobals) = postSolution
		SolutionGuid = {4A2C20A5-DF43-43A8-9B91-2AAD5B2DF65D}
	EndGlobalSection
EndGlobal
