
Microsoft Visual Studio Solution File, Format Version 12.00
# Visual Studio Version 17
VisualStudioVersion = 17.9.34723.18
MinimumVisualStudioVersion = 10.0.40219.1
Project("{FAE04EC0-301F-11D3-BF4B-00C04F79EFBC}") = "URI1047", "URI1047\URI1047.csproj", "{62636F0F-DAD6-4E27-BAF0-9368883A8C13}"
EndProject
Global
	GlobalSection(SolutionConfigurationPlatforms) = preSolution
		Debug|Any CPU = Debug|Any CPU
		Release|Any CPU = Release|Any CPU
	EndGlobalSection
	GlobalSection(ProjectConfigurationPlatforms) = postSolution
		{62636F0F-DAD6-4E27-BAF0-9368883A8C13}.Debug|Any CPU.ActiveCfg = Debug|Any CPU
		{62636F0F-DAD6-4E27-BAF0-9368883A8C13}.Debug|Any CPU.Build.0 = Debug|Any CPU
		{62636F0F-DAD6-4E27-BAF0-9368883A8C13}.Release|Any CPU.ActiveCfg = Release|Any CPU
		{62636F0F-DAD6-4E27-BAF0-9368883A8C13}.Release|Any CPU.Build.0 = Release|Any CPU
	EndGlobalSection
	GlobalSection(SolutionProperties) = preSolution
		HideSolutionNode = FALSE
	EndGlobalSection
	GlobalSection(ExtensibilityGlobals) = postSolution
		SolutionGuid = {62BE4C91-F595-430B-BD29-854A875623C5}
	EndGlobalSection
EndGlobal
