
Microsoft Visual Studio Solution File, Format Version 12.00
# Visual Studio Version 17
VisualStudioVersion = 17.9.34701.34
MinimumVisualStudioVersion = 10.0.40219.1
Project("{FAE04EC0-301F-11D3-BF4B-00C04F79EFBC}") = "URI1012", "URI1012\URI1012.csproj", "{A29C4BC5-7653-496E-BC66-62178B831D10}"
EndProject
Global
	GlobalSection(SolutionConfigurationPlatforms) = preSolution
		Debug|Any CPU = Debug|Any CPU
		Release|Any CPU = Release|Any CPU
	EndGlobalSection
	GlobalSection(ProjectConfigurationPlatforms) = postSolution
		{A29C4BC5-7653-496E-BC66-62178B831D10}.Debug|Any CPU.ActiveCfg = Debug|Any CPU
		{A29C4BC5-7653-496E-BC66-62178B831D10}.Debug|Any CPU.Build.0 = Debug|Any CPU
		{A29C4BC5-7653-496E-BC66-62178B831D10}.Release|Any CPU.ActiveCfg = Release|Any CPU
		{A29C4BC5-7653-496E-BC66-62178B831D10}.Release|Any CPU.Build.0 = Release|Any CPU
	EndGlobalSection
	GlobalSection(SolutionProperties) = preSolution
		HideSolutionNode = FALSE
	EndGlobalSection
	GlobalSection(ExtensibilityGlobals) = postSolution
		SolutionGuid = {0CA9959A-BA64-47DB-83B8-E24EBA6B4FD2}
	EndGlobalSection
EndGlobal
