
Microsoft Visual Studio Solution File, Format Version 12.00
# Visual Studio Version 17
VisualStudioVersion = 17.9.34723.18
MinimumVisualStudioVersion = 10.0.40219.1
Project("{FAE04EC0-301F-11D3-BF4B-00C04F79EFBC}") = "URI1040", "URI1040\URI1040.csproj", "{630952FF-9572-4FFF-BD17-0E4CAECF3EAE}"
EndProject
Global
	GlobalSection(SolutionConfigurationPlatforms) = preSolution
		Debug|Any CPU = Debug|Any CPU
		Release|Any CPU = Release|Any CPU
	EndGlobalSection
	GlobalSection(ProjectConfigurationPlatforms) = postSolution
		{630952FF-9572-4FFF-BD17-0E4CAECF3EAE}.Debug|Any CPU.ActiveCfg = Debug|Any CPU
		{630952FF-9572-4FFF-BD17-0E4CAECF3EAE}.Debug|Any CPU.Build.0 = Debug|Any CPU
		{630952FF-9572-4FFF-BD17-0E4CAECF3EAE}.Release|Any CPU.ActiveCfg = Release|Any CPU
		{630952FF-9572-4FFF-BD17-0E4CAECF3EAE}.Release|Any CPU.Build.0 = Release|Any CPU
	EndGlobalSection
	GlobalSection(SolutionProperties) = preSolution
		HideSolutionNode = FALSE
	EndGlobalSection
	GlobalSection(ExtensibilityGlobals) = postSolution
		SolutionGuid = {44536F48-C532-4832-B439-30591DACCB3F}
	EndGlobalSection
EndGlobal
