
Microsoft Visual Studio Solution File, Format Version 12.00
# Visual Studio Version 17
VisualStudioVersion = 17.9.34701.34
MinimumVisualStudioVersion = 10.0.40219.1
Project("{FAE04EC0-301F-11D3-BF4B-00C04F79EFBC}") = "URI1007", "URI1007\URI1007.csproj", "{E46FFC78-5032-44E6-B501-31441F9A55CE}"
EndProject
Global
	GlobalSection(SolutionConfigurationPlatforms) = preSolution
		Debug|Any CPU = Debug|Any CPU
		Release|Any CPU = Release|Any CPU
	EndGlobalSection
	GlobalSection(ProjectConfigurationPlatforms) = postSolution
		{E46FFC78-5032-44E6-B501-31441F9A55CE}.Debug|Any CPU.ActiveCfg = Debug|Any CPU
		{E46FFC78-5032-44E6-B501-31441F9A55CE}.Debug|Any CPU.Build.0 = Debug|Any CPU
		{E46FFC78-5032-44E6-B501-31441F9A55CE}.Release|Any CPU.ActiveCfg = Release|Any CPU
		{E46FFC78-5032-44E6-B501-31441F9A55CE}.Release|Any CPU.Build.0 = Release|Any CPU
	EndGlobalSection
	GlobalSection(SolutionProperties) = preSolution
		HideSolutionNode = FALSE
	EndGlobalSection
	GlobalSection(ExtensibilityGlobals) = postSolution
		SolutionGuid = {B65F16F3-6AA4-4942-9FA3-421EEE971609}
	EndGlobalSection
EndGlobal
