
Microsoft Visual Studio Solution File, Format Version 12.00
# Visual Studio Version 17
VisualStudioVersion = 17.9.34723.18
MinimumVisualStudioVersion = 10.0.40219.1
Project("{FAE04EC0-301F-11D3-BF4B-00C04F79EFBC}") = "aula1", "aula1\aula1.csproj", "{0A100CDE-83FE-4E77-B39E-ADF3A259149F}"
EndProject
Global
	GlobalSection(SolutionConfigurationPlatforms) = preSolution
		Debug|Any CPU = Debug|Any CPU
		Release|Any CPU = Release|Any CPU
	EndGlobalSection
	GlobalSection(ProjectConfigurationPlatforms) = postSolution
		{0A100CDE-83FE-4E77-B39E-ADF3A259149F}.Debug|Any CPU.ActiveCfg = Debug|Any CPU
		{0A100CDE-83FE-4E77-B39E-ADF3A259149F}.Debug|Any CPU.Build.0 = Debug|Any CPU
		{0A100CDE-83FE-4E77-B39E-ADF3A259149F}.Release|Any CPU.ActiveCfg = Release|Any CPU
		{0A100CDE-83FE-4E77-B39E-ADF3A259149F}.Release|Any CPU.Build.0 = Release|Any CPU
	EndGlobalSection
	GlobalSection(SolutionProperties) = preSolution
		HideSolutionNode = FALSE
	EndGlobalSection
	GlobalSection(ExtensibilityGlobals) = postSolution
		SolutionGuid = {785970CE-BA5C-405A-B6A5-A0271AB0CE7C}
	EndGlobalSection
EndGlobal
