
Microsoft Visual Studio Solution File, Format Version 12.00
# Visual Studio Version 17
VisualStudioVersion = 17.9.34728.123
MinimumVisualStudioVersion = 10.0.40219.1
Project("{FAE04EC0-301F-11D3-BF4B-00C04F79EFBC}") = "URI1114", "URI1114\URI1114.csproj", "{E60E131B-97E3-4153-9821-78AC6126EF02}"
EndProject
Global
	GlobalSection(SolutionConfigurationPlatforms) = preSolution
		Debug|Any CPU = Debug|Any CPU
		Release|Any CPU = Release|Any CPU
	EndGlobalSection
	GlobalSection(ProjectConfigurationPlatforms) = postSolution
		{E60E131B-97E3-4153-9821-78AC6126EF02}.Debug|Any CPU.ActiveCfg = Debug|Any CPU
		{E60E131B-97E3-4153-9821-78AC6126EF02}.Debug|Any CPU.Build.0 = Debug|Any CPU
		{E60E131B-97E3-4153-9821-78AC6126EF02}.Release|Any CPU.ActiveCfg = Release|Any CPU
		{E60E131B-97E3-4153-9821-78AC6126EF02}.Release|Any CPU.Build.0 = Release|Any CPU
	EndGlobalSection
	GlobalSection(SolutionProperties) = preSolution
		HideSolutionNode = FALSE
	EndGlobalSection
	GlobalSection(ExtensibilityGlobals) = postSolution
		SolutionGuid = {CF24EDB5-7519-4667-9AE1-7A759776901A}
	EndGlobalSection
EndGlobal
