
Microsoft Visual Studio Solution File, Format Version 12.00
# Visual Studio Version 17
VisualStudioVersion = 17.9.34728.123
MinimumVisualStudioVersion = 10.0.40219.1
Project("{FAE04EC0-301F-11D3-BF4B-00C04F79EFBC}") = "URI1149", "URI1149\URI1149.csproj", "{1EB43D8B-04E2-436D-9047-BA8926954C23}"
EndProject
Global
	GlobalSection(SolutionConfigurationPlatforms) = preSolution
		Debug|Any CPU = Debug|Any CPU
		Release|Any CPU = Release|Any CPU
	EndGlobalSection
	GlobalSection(ProjectConfigurationPlatforms) = postSolution
		{1EB43D8B-04E2-436D-9047-BA8926954C23}.Debug|Any CPU.ActiveCfg = Debug|Any CPU
		{1EB43D8B-04E2-436D-9047-BA8926954C23}.Debug|Any CPU.Build.0 = Debug|Any CPU
		{1EB43D8B-04E2-436D-9047-BA8926954C23}.Release|Any CPU.ActiveCfg = Release|Any CPU
		{1EB43D8B-04E2-436D-9047-BA8926954C23}.Release|Any CPU.Build.0 = Release|Any CPU
	EndGlobalSection
	GlobalSection(SolutionProperties) = preSolution
		HideSolutionNode = FALSE
	EndGlobalSection
	GlobalSection(ExtensibilityGlobals) = postSolution
		SolutionGuid = {D027CB91-E1E2-48EB-8FCF-94B0367591B6}
	EndGlobalSection
EndGlobal
