
Microsoft Visual Studio Solution File, Format Version 12.00
# Visual Studio Version 17
VisualStudioVersion = 17.9.34723.18
MinimumVisualStudioVersion = 10.0.40219.1
Project("{FAE04EC0-301F-11D3-BF4B-00C04F79EFBC}") = "URI1041", "URI1041\URI1041.csproj", "{54DABFB0-EDA4-4BAC-AA67-7986D592CD93}"
EndProject
Global
	GlobalSection(SolutionConfigurationPlatforms) = preSolution
		Debug|Any CPU = Debug|Any CPU
		Release|Any CPU = Release|Any CPU
	EndGlobalSection
	GlobalSection(ProjectConfigurationPlatforms) = postSolution
		{54DABFB0-EDA4-4BAC-AA67-7986D592CD93}.Debug|Any CPU.ActiveCfg = Debug|Any CPU
		{54DABFB0-EDA4-4BAC-AA67-7986D592CD93}.Debug|Any CPU.Build.0 = Debug|Any CPU
		{54DABFB0-EDA4-4BAC-AA67-7986D592CD93}.Release|Any CPU.ActiveCfg = Release|Any CPU
		{54DABFB0-EDA4-4BAC-AA67-7986D592CD93}.Release|Any CPU.Build.0 = Release|Any CPU
	EndGlobalSection
	GlobalSection(SolutionProperties) = preSolution
		HideSolutionNode = FALSE
	EndGlobalSection
	GlobalSection(ExtensibilityGlobals) = postSolution
		SolutionGuid = {C61405DB-18B1-49EF-9891-511682B0DF2F}
	EndGlobalSection
EndGlobal
