
Microsoft Visual Studio Solution File, Format Version 12.00
# Visual Studio Version 17
VisualStudioVersion = 17.9.34902.65
MinimumVisualStudioVersion = 10.0.40219.1
Project("{FAE04EC0-301F-11D3-BF4B-00C04F79EFBC}") = "Prova07", "Prova07\Prova07.csproj", "{5FCCFA3F-1AE4-4572-BE7D-9C54EF687F75}"
EndProject
Global
	GlobalSection(SolutionConfigurationPlatforms) = preSolution
		Debug|Any CPU = Debug|Any CPU
		Release|Any CPU = Release|Any CPU
	EndGlobalSection
	GlobalSection(ProjectConfigurationPlatforms) = postSolution
		{5FCCFA3F-1AE4-4572-BE7D-9C54EF687F75}.Debug|Any CPU.ActiveCfg = Debug|Any CPU
		{5FCCFA3F-1AE4-4572-BE7D-9C54EF687F75}.Debug|Any CPU.Build.0 = Debug|Any CPU
		{5FCCFA3F-1AE4-4572-BE7D-9C54EF687F75}.Release|Any CPU.ActiveCfg = Release|Any CPU
		{5FCCFA3F-1AE4-4572-BE7D-9C54EF687F75}.Release|Any CPU.Build.0 = Release|Any CPU
	EndGlobalSection
	GlobalSection(SolutionProperties) = preSolution
		HideSolutionNode = FALSE
	EndGlobalSection
	GlobalSection(ExtensibilityGlobals) = postSolution
		SolutionGuid = {9F91C047-9A2A-41D2-9371-D0DFAA14D7A0}
	EndGlobalSection
EndGlobal
