
Microsoft Visual Studio Solution File, Format Version 12.00
# Visual Studio Version 17
VisualStudioVersion = 17.9.34728.123
MinimumVisualStudioVersion = 10.0.40219.1
Project("{FAE04EC0-301F-11D3-BF4B-00C04F79EFBC}") = "vetores01", "vetores01\vetores01.csproj", "{802C6B05-3239-4B40-B311-94C6D806EB3C}"
EndProject
Global
	GlobalSection(SolutionConfigurationPlatforms) = preSolution
		Debug|Any CPU = Debug|Any CPU
		Release|Any CPU = Release|Any CPU
	EndGlobalSection
	GlobalSection(ProjectConfigurationPlatforms) = postSolution
		{802C6B05-3239-4B40-B311-94C6D806EB3C}.Debug|Any CPU.ActiveCfg = Debug|Any CPU
		{802C6B05-3239-4B40-B311-94C6D806EB3C}.Debug|Any CPU.Build.0 = Debug|Any CPU
		{802C6B05-3239-4B40-B311-94C6D806EB3C}.Release|Any CPU.ActiveCfg = Release|Any CPU
		{802C6B05-3239-4B40-B311-94C6D806EB3C}.Release|Any CPU.Build.0 = Release|Any CPU
	EndGlobalSection
	GlobalSection(SolutionProperties) = preSolution
		HideSolutionNode = FALSE
	EndGlobalSection
	GlobalSection(ExtensibilityGlobals) = postSolution
		SolutionGuid = {E4AD9923-6564-48BE-8E71-BDF4409E47D0}
	EndGlobalSection
EndGlobal
