
Microsoft Visual Studio Solution File, Format Version 12.00
# Visual Studio Version 17
VisualStudioVersion = 17.9.34723.18
MinimumVisualStudioVersion = 10.0.40219.1
Project("{FAE04EC0-301F-11D3-BF4B-00C04F79EFBC}") = "URI1038", "URI1038\URI1038.csproj", "{208E7905-CFCD-4B61-9A9D-228652B98F48}"
EndProject
Global
	GlobalSection(SolutionConfigurationPlatforms) = preSolution
		Debug|Any CPU = Debug|Any CPU
		Release|Any CPU = Release|Any CPU
	EndGlobalSection
	GlobalSection(ProjectConfigurationPlatforms) = postSolution
		{208E7905-CFCD-4B61-9A9D-228652B98F48}.Debug|Any CPU.ActiveCfg = Debug|Any CPU
		{208E7905-CFCD-4B61-9A9D-228652B98F48}.Debug|Any CPU.Build.0 = Debug|Any CPU
		{208E7905-CFCD-4B61-9A9D-228652B98F48}.Release|Any CPU.ActiveCfg = Release|Any CPU
		{208E7905-CFCD-4B61-9A9D-228652B98F48}.Release|Any CPU.Build.0 = Release|Any CPU
	EndGlobalSection
	GlobalSection(SolutionProperties) = preSolution
		HideSolutionNode = FALSE
	EndGlobalSection
	GlobalSection(ExtensibilityGlobals) = postSolution
		SolutionGuid = {DFF145DA-6E7A-4126-B3E5-6DD4EE2AA3A3}
	EndGlobalSection
EndGlobal
