
Microsoft Visual Studio Solution File, Format Version 12.00
# Visual Studio Version 17
VisualStudioVersion = 17.9.34902.65
MinimumVisualStudioVersion = 10.0.40219.1
Project("{FAE04EC0-301F-11D3-BF4B-00C04F79EFBC}") = "Aula02", "Aula02\Aula02.csproj", "{0AC980DD-8261-4D02-AEEC-20189FC49BB5}"
EndProject
Global
	GlobalSection(SolutionConfigurationPlatforms) = preSolution
		Debug|Any CPU = Debug|Any CPU
		Release|Any CPU = Release|Any CPU
	EndGlobalSection
	GlobalSection(ProjectConfigurationPlatforms) = postSolution
		{0AC980DD-8261-4D02-AEEC-20189FC49BB5}.Debug|Any CPU.ActiveCfg = Debug|Any CPU
		{0AC980DD-8261-4D02-AEEC-20189FC49BB5}.Debug|Any CPU.Build.0 = Debug|Any CPU
		{0AC980DD-8261-4D02-AEEC-20189FC49BB5}.Release|Any CPU.ActiveCfg = Release|Any CPU
		{0AC980DD-8261-4D02-AEEC-20189FC49BB5}.Release|Any CPU.Build.0 = Release|Any CPU
	EndGlobalSection
	GlobalSection(SolutionProperties) = preSolution
		HideSolutionNode = FALSE
	EndGlobalSection
	GlobalSection(ExtensibilityGlobals) = postSolution
		SolutionGuid = {FCEF6950-75E0-48AF-940A-96B9F97268F9}
	EndGlobalSection
EndGlobal
