
Microsoft Visual Studio Solution File, Format Version 12.00
# Visual Studio Version 17
VisualStudioVersion = 17.9.34701.34
MinimumVisualStudioVersion = 10.0.40219.1
Project("{FAE04EC0-301F-11D3-BF4B-00C04F79EFBC}") = "URI1015", "URI1015\URI1015.csproj", "{11355AFC-1614-4711-ABBD-D022F8FE8615}"
EndProject
Global
	GlobalSection(SolutionConfigurationPlatforms) = preSolution
		Debug|Any CPU = Debug|Any CPU
		Release|Any CPU = Release|Any CPU
	EndGlobalSection
	GlobalSection(ProjectConfigurationPlatforms) = postSolution
		{11355AFC-1614-4711-ABBD-D022F8FE8615}.Debug|Any CPU.ActiveCfg = Debug|Any CPU
		{11355AFC-1614-4711-ABBD-D022F8FE8615}.Debug|Any CPU.Build.0 = Debug|Any CPU
		{11355AFC-1614-4711-ABBD-D022F8FE8615}.Release|Any CPU.ActiveCfg = Release|Any CPU
		{11355AFC-1614-4711-ABBD-D022F8FE8615}.Release|Any CPU.Build.0 = Release|Any CPU
	EndGlobalSection
	GlobalSection(SolutionProperties) = preSolution
		HideSolutionNode = FALSE
	EndGlobalSection
	GlobalSection(ExtensibilityGlobals) = postSolution
		SolutionGuid = {1AAF294A-CD19-4637-BB64-8EDDCBD7B941}
	EndGlobalSection
EndGlobal
