
Microsoft Visual Studio Solution File, Format Version 12.00
# Visual Studio Version 17
VisualStudioVersion = 17.9.34723.18
MinimumVisualStudioVersion = 10.0.40219.1
Project("{FAE04EC0-301F-11D3-BF4B-00C04F79EFBC}") = "URI1021", "URI1021\URI1021.csproj", "{161D17D9-A330-4B37-869C-0D300D462DED}"
EndProject
Global
	GlobalSection(SolutionConfigurationPlatforms) = preSolution
		Debug|Any CPU = Debug|Any CPU
		Release|Any CPU = Release|Any CPU
	EndGlobalSection
	GlobalSection(ProjectConfigurationPlatforms) = postSolution
		{161D17D9-A330-4B37-869C-0D300D462DED}.Debug|Any CPU.ActiveCfg = Debug|Any CPU
		{161D17D9-A330-4B37-869C-0D300D462DED}.Debug|Any CPU.Build.0 = Debug|Any CPU
		{161D17D9-A330-4B37-869C-0D300D462DED}.Release|Any CPU.ActiveCfg = Release|Any CPU
		{161D17D9-A330-4B37-869C-0D300D462DED}.Release|Any CPU.Build.0 = Release|Any CPU
	EndGlobalSection
	GlobalSection(SolutionProperties) = preSolution
		HideSolutionNode = FALSE
	EndGlobalSection
	GlobalSection(ExtensibilityGlobals) = postSolution
		SolutionGuid = {202AC339-CE75-4068-8311-144433FC8CE7}
	EndGlobalSection
EndGlobal
