
Microsoft Visual Studio Solution File, Format Version 12.00
# Visual Studio Version 17
VisualStudioVersion = 17.9.34701.34
MinimumVisualStudioVersion = 10.0.40219.1
Project("{FAE04EC0-301F-11D3-BF4B-00C04F79EFBC}") = "URI1013", "URI1013\URI1013.csproj", "{56CFAF82-2516-4157-8697-1B01FD19315B}"
EndProject
Global
	GlobalSection(SolutionConfigurationPlatforms) = preSolution
		Debug|Any CPU = Debug|Any CPU
		Release|Any CPU = Release|Any CPU
	EndGlobalSection
	GlobalSection(ProjectConfigurationPlatforms) = postSolution
		{56CFAF82-2516-4157-8697-1B01FD19315B}.Debug|Any CPU.ActiveCfg = Debug|Any CPU
		{56CFAF82-2516-4157-8697-1B01FD19315B}.Debug|Any CPU.Build.0 = Debug|Any CPU
		{56CFAF82-2516-4157-8697-1B01FD19315B}.Release|Any CPU.ActiveCfg = Release|Any CPU
		{56CFAF82-2516-4157-8697-1B01FD19315B}.Release|Any CPU.Build.0 = Release|Any CPU
	EndGlobalSection
	GlobalSection(SolutionProperties) = preSolution
		HideSolutionNode = FALSE
	EndGlobalSection
	GlobalSection(ExtensibilityGlobals) = postSolution
		SolutionGuid = {2E8B06B2-B09E-433B-977C-7F661985E5FF}
	EndGlobalSection
EndGlobal
