
Microsoft Visual Studio Solution File, Format Version 12.00
# Visual Studio Version 17
VisualStudioVersion = 17.9.34728.123
MinimumVisualStudioVersion = 10.0.40219.1
Project("{FAE04EC0-301F-11D3-BF4B-00C04F79EFBC}") = "URI1072", "URI1072\URI1072.csproj", "{B780381C-ABA4-410A-9305-7CB0387625C0}"
EndProject
Global
	GlobalSection(SolutionConfigurationPlatforms) = preSolution
		Debug|Any CPU = Debug|Any CPU
		Release|Any CPU = Release|Any CPU
	EndGlobalSection
	GlobalSection(ProjectConfigurationPlatforms) = postSolution
		{B780381C-ABA4-410A-9305-7CB0387625C0}.Debug|Any CPU.ActiveCfg = Debug|Any CPU
		{B780381C-ABA4-410A-9305-7CB0387625C0}.Debug|Any CPU.Build.0 = Debug|Any CPU
		{B780381C-ABA4-410A-9305-7CB0387625C0}.Release|Any CPU.ActiveCfg = Release|Any CPU
		{B780381C-ABA4-410A-9305-7CB0387625C0}.Release|Any CPU.Build.0 = Release|Any CPU
	EndGlobalSection
	GlobalSection(SolutionProperties) = preSolution
		HideSolutionNode = FALSE
	EndGlobalSection
	GlobalSection(ExtensibilityGlobals) = postSolution
		SolutionGuid = {D19B5940-C3C3-4736-A488-D60CB44BB0E8}
	EndGlobalSection
EndGlobal
