
Microsoft Visual Studio Solution File, Format Version 12.00
# Visual Studio Version 17
VisualStudioVersion = 17.9.34902.65
MinimumVisualStudioVersion = 10.0.40219.1
Project("{FAE04EC0-301F-11D3-BF4B-00C04F79EFBC}") = "Exercicio01", "Exercicio01\Exercicio01.csproj", "{079CFC50-9D95-4AB5-8FA2-AAE8D9C7624E}"
EndProject
Global
	GlobalSection(SolutionConfigurationPlatforms) = preSolution
		Debug|Any CPU = Debug|Any CPU
		Release|Any CPU = Release|Any CPU
	EndGlobalSection
	GlobalSection(ProjectConfigurationPlatforms) = postSolution
		{079CFC50-9D95-4AB5-8FA2-AAE8D9C7624E}.Debug|Any CPU.ActiveCfg = Debug|Any CPU
		{079CFC50-9D95-4AB5-8FA2-AAE8D9C7624E}.Debug|Any CPU.Build.0 = Debug|Any CPU
		{079CFC50-9D95-4AB5-8FA2-AAE8D9C7624E}.Release|Any CPU.ActiveCfg = Release|Any CPU
		{079CFC50-9D95-4AB5-8FA2-AAE8D9C7624E}.Release|Any CPU.Build.0 = Release|Any CPU
	EndGlobalSection
	GlobalSection(SolutionProperties) = preSolution
		HideSolutionNode = FALSE
	EndGlobalSection
	GlobalSection(ExtensibilityGlobals) = postSolution
		SolutionGuid = {D4264BB4-7D6D-49EA-8E3E-A62D4B92DDD1}
	EndGlobalSection
EndGlobal
