
Microsoft Visual Studio Solution File, Format Version 12.00
# Visual Studio Version 17
VisualStudioVersion = 17.9.34728.123
MinimumVisualStudioVersion = 10.0.40219.1
Project("{FAE04EC0-301F-11D3-BF4B-00C04F79EFBC}") = "vetor02", "vetor02\vetor02.csproj", "{8F440AAC-18DA-48B9-B76A-067AEBC00D99}"
EndProject
Global
	GlobalSection(SolutionConfigurationPlatforms) = preSolution
		Debug|Any CPU = Debug|Any CPU
		Release|Any CPU = Release|Any CPU
	EndGlobalSection
	GlobalSection(ProjectConfigurationPlatforms) = postSolution
		{8F440AAC-18DA-48B9-B76A-067AEBC00D99}.Debug|Any CPU.ActiveCfg = Debug|Any CPU
		{8F440AAC-18DA-48B9-B76A-067AEBC00D99}.Debug|Any CPU.Build.0 = Debug|Any CPU
		{8F440AAC-18DA-48B9-B76A-067AEBC00D99}.Release|Any CPU.ActiveCfg = Release|Any CPU
		{8F440AAC-18DA-48B9-B76A-067AEBC00D99}.Release|Any CPU.Build.0 = Release|Any CPU
	EndGlobalSection
	GlobalSection(SolutionProperties) = preSolution
		HideSolutionNode = FALSE
	EndGlobalSection
	GlobalSection(ExtensibilityGlobals) = postSolution
		SolutionGuid = {EC6C9AC6-ECC5-48CE-886C-6E5C1D190941}
	EndGlobalSection
EndGlobal
