
Microsoft Visual Studio Solution File, Format Version 12.00
# Visual Studio Version 17
VisualStudioVersion = 17.9.34902.65
MinimumVisualStudioVersion = 10.0.40219.1
Project("{FAE04EC0-301F-11D3-BF4B-00C04F79EFBC}") = "Prova06", "Prova06\Prova06.csproj", "{54098FC6-4950-4B2E-9131-3BC634345DE2}"
EndProject
Global
	GlobalSection(SolutionConfigurationPlatforms) = preSolution
		Debug|Any CPU = Debug|Any CPU
		Release|Any CPU = Release|Any CPU
	EndGlobalSection
	GlobalSection(ProjectConfigurationPlatforms) = postSolution
		{54098FC6-4950-4B2E-9131-3BC634345DE2}.Debug|Any CPU.ActiveCfg = Debug|Any CPU
		{54098FC6-4950-4B2E-9131-3BC634345DE2}.Debug|Any CPU.Build.0 = Debug|Any CPU
		{54098FC6-4950-4B2E-9131-3BC634345DE2}.Release|Any CPU.ActiveCfg = Release|Any CPU
		{54098FC6-4950-4B2E-9131-3BC634345DE2}.Release|Any CPU.Build.0 = Release|Any CPU
	EndGlobalSection
	GlobalSection(SolutionProperties) = preSolution
		HideSolutionNode = FALSE
	EndGlobalSection
	GlobalSection(ExtensibilityGlobals) = postSolution
		SolutionGuid = {EACFE6C6-0BE5-42BE-A96D-45D3C3E74007}
	EndGlobalSection
EndGlobal
