
Microsoft Visual Studio Solution File, Format Version 12.00
# Visual Studio Version 17
VisualStudioVersion = 17.9.34728.123
MinimumVisualStudioVersion = 10.0.40219.1
Project("{FAE04EC0-301F-11D3-BF4B-00C04F79EFBC}") = "URI1099", "URI1099\URI1099.csproj", "{067335DB-0CB7-4565-8E3E-ED483D1CAC44}"
EndProject
Global
	GlobalSection(SolutionConfigurationPlatforms) = preSolution
		Debug|Any CPU = Debug|Any CPU
		Release|Any CPU = Release|Any CPU
	EndGlobalSection
	GlobalSection(ProjectConfigurationPlatforms) = postSolution
		{067335DB-0CB7-4565-8E3E-ED483D1CAC44}.Debug|Any CPU.ActiveCfg = Debug|Any CPU
		{067335DB-0CB7-4565-8E3E-ED483D1CAC44}.Debug|Any CPU.Build.0 = Debug|Any CPU
		{067335DB-0CB7-4565-8E3E-ED483D1CAC44}.Release|Any CPU.ActiveCfg = Release|Any CPU
		{067335DB-0CB7-4565-8E3E-ED483D1CAC44}.Release|Any CPU.Build.0 = Release|Any CPU
	EndGlobalSection
	GlobalSection(SolutionProperties) = preSolution
		HideSolutionNode = FALSE
	EndGlobalSection
	GlobalSection(ExtensibilityGlobals) = postSolution
		SolutionGuid = {1BAF0517-8F74-44BE-9C6C-52961119CB00}
	EndGlobalSection
EndGlobal
