
Microsoft Visual Studio Solution File, Format Version 12.00
# Visual Studio Version 17
VisualStudioVersion = 17.9.34728.123
MinimumVisualStudioVersion = 10.0.40219.1
Project("{FAE04EC0-301F-11D3-BF4B-00C04F79EFBC}") = "matriz03", "matriz03\matriz03.csproj", "{69E03FF3-EC6C-4CA3-977E-FA75A16469F8}"
EndProject
Global
	GlobalSection(SolutionConfigurationPlatforms) = preSolution
		Debug|Any CPU = Debug|Any CPU
		Release|Any CPU = Release|Any CPU
	EndGlobalSection
	GlobalSection(ProjectConfigurationPlatforms) = postSolution
		{69E03FF3-EC6C-4CA3-977E-FA75A16469F8}.Debug|Any CPU.ActiveCfg = Debug|Any CPU
		{69E03FF3-EC6C-4CA3-977E-FA75A16469F8}.Debug|Any CPU.Build.0 = Debug|Any CPU
		{69E03FF3-EC6C-4CA3-977E-FA75A16469F8}.Release|Any CPU.ActiveCfg = Release|Any CPU
		{69E03FF3-EC6C-4CA3-977E-FA75A16469F8}.Release|Any CPU.Build.0 = Release|Any CPU
	EndGlobalSection
	GlobalSection(SolutionProperties) = preSolution
		HideSolutionNode = FALSE
	EndGlobalSection
	GlobalSection(ExtensibilityGlobals) = postSolution
		SolutionGuid = {9B81D733-7D28-428B-928D-5151D698FDF2}
	EndGlobalSection
EndGlobal
