
Microsoft Visual Studio Solution File, Format Version 12.00
# Visual Studio Version 17
VisualStudioVersion = 17.9.34728.123
MinimumVisualStudioVersion = 10.0.40219.1
Project("{FAE04EC0-301F-11D3-BF4B-00C04F79EFBC}") = "URI1131", "URI1131\URI1131.csproj", "{7273600C-091E-44A3-BDB1-4C2F2202232E}"
EndProject
Global
	GlobalSection(SolutionConfigurationPlatforms) = preSolution
		Debug|Any CPU = Debug|Any CPU
		Release|Any CPU = Release|Any CPU
	EndGlobalSection
	GlobalSection(ProjectConfigurationPlatforms) = postSolution
		{7273600C-091E-44A3-BDB1-4C2F2202232E}.Debug|Any CPU.ActiveCfg = Debug|Any CPU
		{7273600C-091E-44A3-BDB1-4C2F2202232E}.Debug|Any CPU.Build.0 = Debug|Any CPU
		{7273600C-091E-44A3-BDB1-4C2F2202232E}.Release|Any CPU.ActiveCfg = Release|Any CPU
		{7273600C-091E-44A3-BDB1-4C2F2202232E}.Release|Any CPU.Build.0 = Release|Any CPU
	EndGlobalSection
	GlobalSection(SolutionProperties) = preSolution
		HideSolutionNode = FALSE
	EndGlobalSection
	GlobalSection(ExtensibilityGlobals) = postSolution
		SolutionGuid = {1DC65A32-0E4A-43BD-85F1-6DFD852E0EBE}
	EndGlobalSection
EndGlobal
