
Microsoft Visual Studio Solution File, Format Version 12.00
# Visual Studio Version 17
VisualStudioVersion = 17.9.34728.123
MinimumVisualStudioVersion = 10.0.40219.1
Project("{FAE04EC0-301F-11D3-BF4B-00C04F79EFBC}") = "vetores", "vetores\vetores.csproj", "{437CEB31-3F7E-495E-82C0-8E1926EA0D69}"
EndProject
Global
	GlobalSection(SolutionConfigurationPlatforms) = preSolution
		Debug|Any CPU = Debug|Any CPU
		Release|Any CPU = Release|Any CPU
	EndGlobalSection
	GlobalSection(ProjectConfigurationPlatforms) = postSolution
		{437CEB31-3F7E-495E-82C0-8E1926EA0D69}.Debug|Any CPU.ActiveCfg = Debug|Any CPU
		{437CEB31-3F7E-495E-82C0-8E1926EA0D69}.Debug|Any CPU.Build.0 = Debug|Any CPU
		{437CEB31-3F7E-495E-82C0-8E1926EA0D69}.Release|Any CPU.ActiveCfg = Release|Any CPU
		{437CEB31-3F7E-495E-82C0-8E1926EA0D69}.Release|Any CPU.Build.0 = Release|Any CPU
	EndGlobalSection
	GlobalSection(SolutionProperties) = preSolution
		HideSolutionNode = FALSE
	EndGlobalSection
	GlobalSection(ExtensibilityGlobals) = postSolution
		SolutionGuid = {66B40E48-1D20-4D7F-9815-C2B388BE6029}
	EndGlobalSection
EndGlobal
